// !$*UTF8*$!
{
	archiveVersion = 1;
	classes = {
	};
	objectVersion = 56;
	objects = {

/* Begin PBXBuildFile section */
		1546BF9F2A6E76BD00692AE0 /* Task_Manager_AppApp.swift in Sources */ = {isa = PBXBuildFile; fileRef = 1546BF9E2A6E76BD00692AE0 /* Task_Manager_AppApp.swift */; };
		1546BFA12A6E76BD00692AE0 /* Persistence.swift in Sources */ = {isa = PBXBuildFile; fileRef = 1546BFA02A6E76BD00692AE0 /* Persistence.swift */; };
		1546BFA42A6E76BD00692AE0 /* Task_Manager_App.xcdatamodeld in Sources */ = {isa = PBXBuildFile; fileRef = 1546BFA22A6E76BD00692AE0 /* Task_Manager_App.xcdatamodeld */; };
		1546BFA62A6E76BD00692AE0 /* ContentView.swift in Sources */ = {isa = PBXBuildFile; fileRef = 1546BFA52A6E76BD00692AE0 /* ContentView.swift */; };
		1546BFA82A6E76BE00692AE0 /* Assets.xcassets in Resources */ = {isa = PBXBuildFile; fileRef = 1546BFA72A6E76BE00692AE0 /* Assets.xcassets */; };
		1546BFAC2A6E76BE00692AE0 /* Preview Assets.xcassets in Resources */ = {isa = PBXBuildFile; fileRef = 1546BFAB2A6E76BE00692AE0 /* Preview Assets.xcassets */; };
		1546BFB62A6E76BE00692AE0 /* Task_Manager_AppTests.swift in Sources */ = {isa = PBXBuildFile; fileRef = 1546BFB52A6E76BE00692AE0 /* Task_Manager_AppTests.swift */; };
		1546BFC02A6E76BE00692AE0 /* Task_Manager_AppUITests.swift in Sources */ = {isa = PBXBuildFile; fileRef = 1546BFBF2A6E76BE00692AE0 /* Task_Manager_AppUITests.swift */; };
		1546BFC22A6E76BE00692AE0 /* Task_Manager_AppUITestsLaunchTests.swift in Sources */ = {isa = PBXBuildFile; fileRef = 1546BFC12A6E76BE00692AE0 /* Task_Manager_AppUITestsLaunchTests.swift */; };
/* End PBXBuildFile section */

/* Begin PBXContainerItemProxy section */
		1546BFB22A6E76BE00692AE0 /* PBXContainerItemProxy */ = {
			isa = PBXContainerItemProxy;
			containerPortal = 1546BF932A6E76BD00692AE0 /* Project object */;
			proxyType = 1;
			remoteGlobalIDString = 1546BF9A2A6E76BD00692AE0;
			remoteInfo = "Task Manager App";
		};
		1546BFBC2A6E76BE00692AE0 /* PBXContainerItemProxy */ = {
			isa = PBXContainerItemProxy;
			containerPortal = 1546BF932A6E76BD00692AE0 /* Project object */;
			proxyType = 1;
			remoteGlobalIDString = 1546BF9A2A6E76BD00692AE0;
			remoteInfo = "Task Manager App";
		};
/* End PBXContainerItemProxy section */

/* Begin PBXFileReference section */
		1546BF9B2A6E76BD00692AE0 /* Task Manager App.app */ = {isa = PBXFileReference; explicitFileType = wrapper.application; includeInIndex = 0; path = "Task Manager App.app"; sourceTree = BUILT_PRODUCTS_DIR; };
		1546BF9E2A6E76BD00692AE0 /* Task_Manager_AppApp.swift */ = {isa = PBXFileReference; lastKnownFileType = sourcecode.swift; path = Task_Manager_AppApp.swift; sourceTree = "<group>"; };
		1546BFA02A6E76BD00692AE0 /* Persistence.swift */ = {isa = PBXFileReference; lastKnownFileType = sourcecode.swift; path = Persistence.swift; sourceTree = "<group>"; };
		1546BFA32A6E76BD00692AE0 /* Task_Manager_App.xcdatamodel */ = {isa = PBXFileReference; lastKnownFileType = wrapper.xcdatamodel; path = Task_Manager_App.xcdatamodel; sourceTree = "<group>"; };
		1546BFA52A6E76BD00692AE0 /* ContentView.swift */ = {isa = PBXFileReference; lastKnownFileType = sourcecode.swift; path = ContentView.swift; sourceTree = "<group>"; };
		1546BFA72A6E76BE00692AE0 /* Assets.xcassets */ = {isa = PBXFileReference; lastKnownFileType = folder.assetcatalog; path = Assets.xcassets; sourceTree = "<group>"; };
		1546BFA92A6E76BE00692AE0 /* Task_Manager_App.entitlements */ = {isa = PBXFileReference; lastKnownFileType = text.plist.entitlements; path = Task_Manager_App.entitlements; sourceTree = "<group>"; };
		1546BFAB2A6E76BE00692AE0 /* Preview Assets.xcassets */ = {isa = PBXFileReference; lastKnownFileType = folder.assetcatalog; path = "Preview Assets.xcassets"; sourceTree = "<group>"; };
		1546BFB12A6E76BE00692AE0 /* Task Manager AppTests.xctest */ = {isa = PBXFileReference; explicitFileType = wrapper.cfbundle; includeInIndex = 0; path = "Task Manager AppTests.xctest"; sourceTree = BUILT_PRODUCTS_DIR; };
		1546BFB52A6E76BE00692AE0 /* Task_Manager_AppTests.swift */ = {isa = PBXFileReference; lastKnownFileType = sourcecode.swift; path = Task_Manager_AppTests.swift; sourceTree = "<group>"; };
		1546BFBB2A6E76BE00692AE0 /* Task Manager AppUITests.xctest */ = {isa = PBXFileReference; explicitFileType = wrapper.cfbundle; includeInIndex = 0; path = "Task Manager AppUITests.xctest"; sourceTree = BUILT_PRODUCTS_DIR; };
		1546BFBF2A6E76BE00692AE0 /* Task_Manager_AppUITests.swift */ = {isa = PBXFileReference; lastKnownFileType = sourcecode.swift; path = Task_Manager_AppUITests.swift; sourceTree = "<group>"; };
		1546BFC12A6E76BE00692AE0 /* Task_Manager_AppUITestsLaunchTests.swift */ = {isa = PBXFileReference; lastKnownFileType = sourcecode.swift; path = Task_Manager_AppUITestsLaunchTests.swift; sourceTree = "<group>"; };
/* End PBXFileReference section */

/* Begin PBXFrameworksBuildPhase section */
		1546BF982A6E76BD00692AE0 /* Frameworks */ = {
			isa = PBXFrameworksBuildPhase;
			buildActionMask = 2147483647;
			files = (
			);
			runOnlyForDeploymentPostprocessing = 0;
		};
		1546BFAE2A6E76BE00692AE0 /* Frameworks */ = {
			isa = PBXFrameworksBuildPhase;
			buildActionMask = 2147483647;
			files = (
			);
			runOnlyForDeploymentPostprocessing = 0;
		};
		1546BFB82A6E76BE00692AE0 /* Frameworks */ = {
			isa = PBXFrameworksBuildPhase;
			buildActionMask = 2147483647;
			files = (
			);
			runOnlyForDeploymentPostprocessing = 0;
		};
/* End PBXFrameworksBuildPhase section */

/* Begin PBXGroup section */
		1546BF922A6E76BD00692AE0 = {
			isa = PBXGroup;
			children = (
				1546BF9D2A6E76BD00692AE0 /* Task Manager App */,
				1546BFB42A6E76BE00692AE0 /* Task Manager AppTests */,
				1546BFBE2A6E76BE00692AE0 /* Task Manager AppUITests */,
				1546BF9C2A6E76BD00692AE0 /* Products */,
			);
			sourceTree = "<group>";
		};
		1546BF9C2A6E76BD00692AE0 /* Products */ = {
			isa = PBXGroup;
			children = (
				1546BF9B2A6E76BD00692AE0 /* Task Manager App.app */,
				1546BFB12A6E76BE00692AE0 /* Task Manager AppTests.xctest */,
				1546BFBB2A6E76BE00692AE0 /* Task Manager AppUITests.xctest */,
			);
			name = Products;
			sourceTree = "<group>";
		};
		1546BF9D2A6E76BD00692AE0 /* Task Manager App */ = {
			isa = PBXGroup;
			children = (
				1546BF9E2A6E76BD00692AE0 /* Task_Manager_AppApp.swift */,
				1546BFA02A6E76BD00692AE0 /* Persistence.swift */,
				1546BFA52A6E76BD00692AE0 /* ContentView.swift */,
				1546BFA72A6E76BE00692AE0 /* Assets.xcassets */,
				1546BFA92A6E76BE00692AE0 /* Task_Manager_App.entitlements */,
				1546BFA22A6E76BD00692AE0 /* Task_Manager_App.xcdatamodeld */,
				1546BFAA2A6E76BE00692AE0 /* Preview Content */,
			);
			path = "Task Manager App";
			sourceTree = "<group>";
		};
		1546BFAA2A6E76BE00692AE0 /* Preview Content */ = {
			isa = PBXGroup;
			children = (
				1546BFAB2A6E76BE00692AE0 /* Preview Assets.xcassets */,
			);
			path = "Preview Content";
			sourceTree = "<group>";
		};
		1546BFB42A6E76BE00692AE0 /* Task Manager AppTests */ = {
			isa = PBXGroup;
			children = (
				1546BFB52A6E76BE00692AE0 /* Task_Manager_AppTests.swift */,
			);
			path = "Task Manager AppTests";
			sourceTree = "<group>";
		};
		1546BFBE2A6E76BE00692AE0 /* Task Manager AppUITests */ = {
			isa = PBXGroup;
			children = (
				1546BFBF2A6E76BE00692AE0 /* Task_Manager_AppUITests.swift */,
				1546BFC12A6E76BE00692AE0 /* Task_Manager_AppUITestsLaunchTests.swift */,
			);
			path = "Task Manager AppUITests";
			sourceTree = "<group>";
		};
/* End PBXGroup section */

/* Begin PBXNativeTarget section */
		1546BF9A2A6E76BD00692AE0 /* Task Manager App */ = {
			isa = PBXNativeTarget;
			buildConfigurationList = 1546BFC52A6E76BE00692AE0 /* Build configuration list for PBXNativeTarget "Task Manager App" */;
			buildPhases = (
				1546BF972A6E76BD00692AE0 /* Sources */,
				1546BF982A6E76BD00692AE0 /* Frameworks */,
				1546BF992A6E76BD00692AE0 /* Resources */,
			);
			buildRules = (
			);
			dependencies = (
			);
			name = "Task Manager App";
			productName = "Task Manager App";
			productReference = 1546BF9B2A6E76BD00692AE0 /* Task Manager App.app */;
			productType = "com.apple.product-type.application";
		};
		1546BFB02A6E76BE00692AE0 /* Task Manager AppTests */ = {
			isa = PBXNativeTarget;
			buildConfigurationList = 1546BFC82A6E76BE00692AE0 /* Build configuration list for PBXNativeTarget "Task Manager AppTests" */;
			buildPhases = (
				1546BFAD2A6E76BE00692AE0 /* Sources */,
				1546BFAE2A6E76BE00692AE0 /* Frameworks */,
				1546BFAF2A6E76BE00692AE0 /* Resources */,
			);
			buildRules = (
			);
			dependencies = (
				1546BFB32A6E76BE00692AE0 /* PBXTargetDependency */,
			);
			name = "Task Manager AppTests";
			productName = "Task Manager AppTests";
			productReference = 1546BFB12A6E76BE00692AE0 /* Task Manager AppTests.xctest */;
			productType = "com.apple.product-type.bundle.unit-test";
		};
		1546BFBA2A6E76BE00692AE0 /* Task Manager AppUITests */ = {
			isa = PBXNativeTarget;
			buildConfigurationList = 1546BFCB2A6E76BE00692AE0 /* Build configuration list for PBXNativeTarget "Task Manager AppUITests" */;
			buildPhases = (
				1546BFB72A6E76BE00692AE0 /* Sources */,
				1546BFB82A6E76BE00692AE0 /* Frameworks */,
				1546BFB92A6E76BE00692AE0 /* Resources */,
			);
			buildRules = (
			);
			dependencies = (
				1546BFBD2A6E76BE00692AE0 /* PBXTargetDependency */,
			);
			name = "Task Manager AppUITests";
			productName = "Task Manager AppUITests";
			productReference = 1546BFBB2A6E76BE00692AE0 /* Task Manager AppUITests.xctest */;
			productType = "com.apple.product-type.bundle.ui-testing";
		};
/* End PBXNativeTarget section */

/* Begin PBXProject section */
		1546BF932A6E76BD00692AE0 /* Project object */ = {
			isa = PBXProject;
			attributes = {
				BuildIndependentTargetsInParallel = 1;
				LastSwiftUpdateCheck = 1420;
				LastUpgradeCheck = 1420;
				TargetAttributes = {
					1546BF9A2A6E76BD00692AE0 = {
						CreatedOnToolsVersion = 14.2;
					};
					1546BFB02A6E76BE00692AE0 = {
						CreatedOnToolsVersion = 14.2;
						TestTargetID = 1546BF9A2A6E76BD00692AE0;
					};
					1546BFBA2A6E76BE00692AE0 = {
						CreatedOnToolsVersion = 14.2;
						TestTargetID = 1546BF9A2A6E76BD00692AE0;
					};
				};
			};
			buildConfigurationList = 1546BF962A6E76BD00692AE0 /* Build configuration list for PBXProject "Task Manager App" */;
			compatibilityVersion = "Xcode 14.0";
			developmentRegion = en;
			hasScannedForEncodings = 0;
			knownRegions = (
				en,
				Base,
			);
			mainGroup = 1546BF922A6E76BD00692AE0;
			productRefGroup = 1546BF9C2A6E76BD00692AE0 /* Products */;
			projectDirPath = "";
			projectRoot = "";
			targets = (
				1546BF9A2A6E76BD00692AE0 /* Task Manager App */,
				1546BFB02A6E76BE00692AE0 /* Task Manager AppTests */,
				1546BFBA2A6E76BE00692AE0 /* Task Manager AppUITests */,
			);
		};
/* End PBXProject section */

/* Begin PBXResourcesBuildPhase section */
		1546BF992A6E76BD00692AE0 /* Resources */ = {
			isa = PBXResourcesBuildPhase;
			buildActionMask = 2147483647;
			files = (
				1546BFAC2A6E76BE00692AE0 /* Preview Assets.xcassets in Resources */,
				1546BFA82A6E76BE00692AE0 /* Assets.xcassets in Resources */,
			);
			runOnlyForDeploymentPostprocessing = 0;
		};
		1546BFAF2A6E76BE00692AE0 /* Resources */ = {
			isa = PBXResourcesBuildPhase;
			buildActionMask = 2147483647;
			files = (
			);
			runOnlyForDeploymentPostprocessing = 0;
		};
		1546BFB92A6E76BE00692AE0 /* Resources */ = {
			isa = PBXResourcesBuildPhase;
			buildActionMask = 2147483647;
			files = (
			);
			runOnlyForDeploymentPostprocessing = 0;
		};
/* End PBXResourcesBuildPhase section */

/* Begin PBXSourcesBuildPhase section */
		1546BF972A6E76BD00692AE0 /* Sources */ = {
			isa = PBXSourcesBuildPhase;
			buildActionMask = 2147483647;
			files = (
				1546BF9F2A6E76BD00692AE0 /* Task_Manager_AppApp.swift in Sources */,
				1546BFA42A6E76BD00692AE0 /* Task_Manager_App.xcdatamodeld in Sources */,
				1546BFA62A6E76BD00692AE0 /* ContentView.swift in Sources */,
				1546BFA12A6E76BD00692AE0 /* Persistence.swift in Sources */,
			);
			runOnlyForDeploymentPostprocessing = 0;
		};
		1546BFAD2A6E76BE00692AE0 /* Sources */ = {
			isa = PBXSourcesBuildPhase;
			buildActionMask = 2147483647;
			files = (
				1546BFB62A6E76BE00692AE0 /* Task_Manager_AppTests.swift in Sources */,
			);
			runOnlyForDeploymentPostprocessing = 0;
		};
		1546BFB72A6E76BE00692AE0 /* Sources */ = {
			isa = PBXSourcesBuildPhase;
			buildActionMask = 2147483647;
			files = (
				1546BFC02A6E76BE00692AE0 /* Task_Manager_AppUITests.swift in Sources */,
				1546BFC22A6E76BE00692AE0 /* Task_Manager_AppUITestsLaunchTests.swift in Sources */,
			);
			runOnlyForDeploymentPostprocessing = 0;
		};
/* End PBXSourcesBuildPhase section */

/* Begin PBXTargetDependency section */
		1546BFB32A6E76BE00692AE0 /* PBXTargetDependency */ = {
			isa = PBXTargetDependency;
			target = 1546BF9A2A6E76BD00692AE0 /* Task Manager App */;
			targetProxy = 1546BFB22A6E76BE00692AE0 /* PBXContainerItemProxy */;
		};
		1546BFBD2A6E76BE00692AE0 /* PBXTargetDependency */ = {
			isa = PBXTargetDependency;
			target = 1546BF9A2A6E76BD00692AE0 /* Task Manager App */;
			targetProxy = 1546BFBC2A6E76BE00692AE0 /* PBXContainerItemProxy */;
		};
/* End PBXTargetDependency section */

/* Begin XCBuildConfiguration section */
		1546BFC32A6E76BE00692AE0 /* Debug */ = {
			isa = XCBuildConfiguration;
			buildSettings = {
				ALWAYS_SEARCH_USER_PATHS = NO;
				CLANG_ANALYZER_NONNULL = YES;
				CLANG_ANALYZER_NUMBER_OBJECT_CONVERSION = YES_AGGRESSIVE;
				CLANG_CXX_LANGUAGE_STANDARD = "gnu++20";
				CLANG_ENABLE_MODULES = YES;
				CLANG_ENABLE_OBJC_ARC = YES;
				CLANG_ENABLE_OBJC_WEAK = YES;
				CLANG_WARN_BLOCK_CAPTURE_AUTORELEASING = YES;
				CLANG_WARN_BOOL_CONVERSION = YES;
				CLANG_WARN_COMMA = YES;
				CLANG_WARN_CONSTANT_CONVERSION = YES;
				CLANG_WARN_DEPRECATED_OBJC_IMPLEMENTATIONS = YES;
				CLANG_WARN_DIRECT_OBJC_ISA_USAGE = YES_ERROR;
				CLANG_WARN_DOCUMENTATION_COMMENTS = YES;
				CLANG_WARN_EMPTY_BODY = YES;
				CLANG_WARN_ENUM_CONVERSION = YES;
				CLANG_WARN_INFINITE_RECURSION = YES;
				CLANG_WARN_INT_CONVERSION = YES;
				CLANG_WARN_NON_LITERAL_NULL_CONVERSION = YES;
				CLANG_WARN_OBJC_IMPLICIT_RETAIN_SELF = YES;
				CLANG_WARN_OBJC_LITERAL_CONVERSION = YES;
				CLANG_WARN_OBJC_ROOT_CLASS = YES_ERROR;
				CLANG_WARN_QUOTED_INCLUDE_IN_FRAMEWORK_HEADER = YES;
				CLANG_WARN_RANGE_LOOP_ANALYSIS = YES;
				CLANG_WARN_STRICT_PROTOTYPES = YES;
				CLANG_WARN_SUSPICIOUS_MOVE = YES;
				CLANG_WARN_UNGUARDED_AVAILABILITY = YES_AGGRESSIVE;
				CLANG_WARN_UNREACHABLE_CODE = YES;
				CLANG_WARN__DUPLICATE_METHOD_MATCH = YES;
				COPY_PHASE_STRIP = NO;
				DEBUG_INFORMATION_FORMAT = dwarf;
				ENABLE_STRICT_OBJC_MSGSEND = YES;
				ENABLE_TESTABILITY = YES;
				GCC_C_LANGUAGE_STANDARD = gnu11;
				GCC_DYNAMIC_NO_PIC = NO;
				GCC_NO_COMMON_BLOCKS = YES;
				GCC_OPTIMIZATION_LEVEL = 0;
				GCC_PREPROCESSOR_DEFINITIONS = (
					"DEBUG=1",
					"$(inherited)",
				);
				GCC_WARN_64_TO_32_BIT_CONVERSION = YES;
				GCC_WARN_ABOUT_RETURN_TYPE = YES_ERROR;
				GCC_WARN_UNDECLARED_SELECTOR = YES;
				GCC_WARN_UNINITIALIZED_AUTOS = YES_AGGRESSIVE;
				GCC_WARN_UNUSED_FUNCTION = YES;
				GCC_WARN_UNUSED_VARIABLE = YES;
				MTL_ENABLE_DEBUG_INFO = INCLUDE_SOURCE;
				MTL_FAST_MATH = YES;
				ONLY_ACTIVE_ARCH = YES;
				SWIFT_ACTIVE_COMPILATION_CONDITIONS = DEBUG;
				SWIFT_OPTIMIZATION_LEVEL = "-Onone";
			};
			name = Debug;
		};
		1546BFC42A6E76BE00692AE0 /* Release */ = {
			isa = XCBuildConfiguration;
			buildSettings = {
				ALWAYS_SEARCH_USER_PATHS = NO;
				CLANG_ANALYZER_NONNULL = YES;
				CLANG_ANALYZER_NUMBER_OBJECT_CONVERSION = YES_AGGRESSIVE;
				CLANG_CXX_LANGUAGE_STANDARD = "gnu++20";
				CLANG_ENABLE_MODULES = YES;
				CLANG_ENABLE_OBJC_ARC = YES;
				CLANG_ENABLE_OBJC_WEAK = YES;
				CLANG_WARN_BLOCK_CAPTURE_AUTORELEASING = YES;
				CLANG_WARN_BOOL_CONVERSION = YES;
				CLANG_WARN_COMMA = YES;
				CLANG_WARN_CONSTANT_CONVERSION = YES;
				CLANG_WARN_DEPRECATED_OBJC_IMPLEMENTATIONS = YES;
				CLANG_WARN_DIRECT_OBJC_ISA_USAGE = YES_ERROR;
				CLANG_WARN_DOCUMENTATION_COMMENTS = YES;
				CLANG_WARN_EMPTY_BODY = YES;
				CLANG_WARN_ENUM_CONVERSION = YES;
				CLANG_WARN_INFINITE_RECURSION = YES;
				CLANG_WARN_INT_CONVERSION = YES;
				CLANG_WARN_NON_LITERAL_NULL_CONVERSION = YES;
				CLANG_WARN_OBJC_IMPLICIT_RETAIN_SELF = YES;
				CLANG_WARN_OBJC_LITERAL_CONVERSION = YES;
				CLANG_WARN_OBJC_ROOT_CLASS = YES_ERROR;
				CLANG_WARN_QUOTED_INCLUDE_IN_FRAMEWORK_HEADER = YES;
				CLANG_WARN_RANGE_LOOP_ANALYSIS = YES;
				CLANG_WARN_STRICT_PROTOTYPES = YES;
				CLANG_WARN_SUSPICIOUS_MOVE = YES;
				CLANG_WARN_UNGUARDED_AVAILABILITY = YES_AGGRESSIVE;
				CLANG_WARN_UNREACHABLE_CODE = YES;
				CLANG_WARN__DUPLICATE_METHOD_MATCH = YES;
				COPY_PHASE_STRIP = NO;
				DEBUG_INFORMATION_FORMAT = "dwarf-with-dsym";
				ENABLE_NS_ASSERTIONS = NO;
				ENABLE_STRICT_OBJC_MSGSEND = YES;
				GCC_C_LANGUAGE_STANDARD = gnu11;
				GCC_NO_COMMON_BLOCKS = YES;
				GCC_WARN_64_TO_32_BIT_CONVERSION = YES;
				GCC_WARN_ABOUT_RETURN_TYPE = YES_ERROR;
				GCC_WARN_UNDECLARED_SELECTOR = YES;
				GCC_WARN_UNINITIALIZED_AUTOS = YES_AGGRESSIVE;
				GCC_WARN_UNUSED_FUNCTION = YES;
				GCC_WARN_UNUSED_VARIABLE = YES;
				MTL_ENABLE_DEBUG_INFO = NO;
				MTL_FAST_MATH = YES;
				SWIFT_COMPILATION_MODE = wholemodule;
				SWIFT_OPTIMIZATION_LEVEL = "-O";
			};
			name = Release;
		};
		1546BFC62A6E76BE00692AE0 /* Debug */ = {
			isa = XCBuildConfiguration;
			buildSettings = {
				ASSETCATALOG_COMPILER_APPICON_NAME = AppIcon;
				ASSETCATALOG_COMPILER_GLOBAL_ACCENT_COLOR_NAME = AccentColor;
				CODE_SIGN_ENTITLEMENTS = "Task Manager App/Task_Manager_App.entitlements";
				CODE_SIGN_STYLE = Automatic;
				CURRENT_PROJECT_VERSION = 1;
				DEVELOPMENT_ASSET_PATHS = "\"Task Manager App/Preview Content\"";
				DEVELOPMENT_TEAM = 25JMG53SY2;
				ENABLE_HARDENED_RUNTIME = YES;
				ENABLE_PREVIEWS = YES;
				GENERATE_INFOPLIST_FILE = YES;
				"INFOPLIST_KEY_UIApplicationSceneManifest_Generation[sdk=iphoneos*]" = YES;
				"INFOPLIST_KEY_UIApplicationSceneManifest_Generation[sdk=iphonesimulator*]" = YES;
				"INFOPLIST_KEY_UIApplicationSupportsIndirectInputEvents[sdk=iphoneos*]" = YES;
				"INFOPLIST_KEY_UIApplicationSupportsIndirectInputEvents[sdk=iphonesimulator*]" = YES;
				"INFOPLIST_KEY_UILaunchScreen_Generation[sdk=iphoneos*]" = YES;
				"INFOPLIST_KEY_UILaunchScreen_Generation[sdk=iphonesimulator*]" = YES;
				"INFOPLIST_KEY_UIStatusBarStyle[sdk=iphoneos*]" = UIStatusBarStyleDefault;
				"INFOPLIST_KEY_UIStatusBarStyle[sdk=iphonesimulator*]" = UIStatusBarStyleDefault;
				INFOPLIST_KEY_UISupportedInterfaceOrientations_iPad = "UIInterfaceOrientationPortrait UIInterfaceOrientationPortraitUpsideDown UIInterfaceOrientationLandscapeLeft UIInterfaceOrientationLandscapeRight";
				INFOPLIST_KEY_UISupportedInterfaceOrientations_iPhone = "UIInterfaceOrientationPortrait UIInterfaceOrientationLandscapeLeft UIInterfaceOrientationLandscapeRight";
				IPHONEOS_DEPLOYMENT_TARGET = 16.2;
				LD_RUNPATH_SEARCH_PATHS = "@executable_path/Frameworks";
				"LD_RUNPATH_SEARCH_PATHS[sdk=macosx*]" = "@executable_path/../Frameworks";
				MACOSX_DEPLOYMENT_TARGET = 13.1;
				MARKETING_VERSION = 1.0;
				PRODUCT_BUNDLE_IDENTIFIER = "SW.Task-Manager-App";
				PRODUCT_NAME = "$(TARGET_NAME)";
				SDKROOT = auto;
				SUPPORTED_PLATFORMS = "iphoneos iphonesimulator macosx";
				SWIFT_EMIT_LOC_STRINGS = YES;
				SWIFT_VERSION = 5.0;
				TARGETED_DEVICE_FAMILY = "1,2";
			};
			name = Debug;
		};
		1546BFC72A6E76BE00692AE0 /* Release */ = {
			isa = XCBuildConfiguration;
			buildSettings = {
				ASSETCATALOG_COMPILER_APPICON_NAME = AppIcon;
				ASSETCATALOG_COMPILER_GLOBAL_ACCENT_COLOR_NAME = AccentColor;
				CODE_SIGN_ENTITLEMENTS = "Task Manager App/Task_Manager_App.entitlements";
				CODE_SIGN_STYLE = Automatic;
				CURRENT_PROJECT_VERSION = 1;
				DEVELOPMENT_ASSET_PATHS = "\"Task Manager App/Preview Content\"";
				DEVELOPMENT_TEAM = 25JMG53SY2;
				ENABLE_HARDENED_RUNTIME = YES;
				ENABLE_PREVIEWS = YES;
				GENERATE_INFOPLIST_FILE = YES;
				"INFOPLIST_KEY_UIApplicationSceneManifest_Generation[sdk=iphoneos*]" = YES;
				"INFOPLIST_KEY_UIApplicationSceneManifest_Generation[sdk=iphonesimulator*]" = YES;
				"INFOPLIST_KEY_UIApplicationSupportsIndirectInputEvents[sdk=iphoneos*]" = YES;
				"INFOPLIST_KEY_UIApplicationSupportsIndirectInputEvents[sdk=iphonesimulator*]" = YES;
				"INFOPLIST_KEY_UILaunchScreen_Generation[sdk=iphoneos*]" = YES;
				"INFOPLIST_KEY_UILaunchScreen_Generation[sdk=iphonesimulator*]" = YES;
				"INFOPLIST_KEY_UIStatusBarStyle[sdk=iphoneos*]" = UIStatusBarStyleDefault;
				"INFOPLIST_KEY_UIStatusBarStyle[sdk=iphonesimulator*]" = UIStatusBarStyleDefault;
				INFOPLIST_KEY_UISupportedInterfaceOrientations_iPad = "UIInterfaceOrientationPortrait UIInterfaceOrientationPortraitUpsideDown UIInterfaceOrientationLandscapeLeft UIInterfaceOrientationLandscapeRight";
				INFOPLIST_KEY_UISupportedInterfaceOrientations_iPhone = "UIInterfaceOrientationPortrait UIInterfaceOrientationLandscapeLeft UIInterfaceOrientationLandscapeRight";
				IPHONEOS_DEPLOYMENT_TARGET = 16.2;
				LD_RUNPATH_SEARCH_PATHS = "@executable_path/Frameworks";
				"LD_RUNPATH_SEARCH_PATHS[sdk=macosx*]" = "@executable_path/../Frameworks";
				MACOSX_DEPLOYMENT_TARGET = 13.1;
				MARKETING_VERSION = 1.0;
				PRODUCT_BUNDLE_IDENTIFIER = "SW.Task-Manager-App";
				PRODUCT_NAME = "$(TARGET_NAME)";
				SDKROOT = auto;
				SUPPORTED_PLATFORMS = "iphoneos iphonesimulator macosx";
				SWIFT_EMIT_LOC_STRINGS = YES;
				SWIFT_VERSION = 5.0;
				TARGETED_DEVICE_FAMILY = "1,2";
			};
			name = Release;
		};
		1546BFC92A6E76BE00692AE0 /* Debug */ = {
			isa = XCBuildConfiguration;
			buildSettings = {
				ALWAYS_EMBED_SWIFT_STANDARD_LIBRARIES = YES;
				BUNDLE_LOADER = "$(TEST_HOST)";
				CODE_SIGN_STYLE = Automatic;
				CURRENT_PROJECT_VERSION = 1;
				DEVELOPMENT_TEAM = 25JMG53SY2;
				GENERATE_INFOPLIST_FILE = YES;
				IPHONEOS_DEPLOYMENT_TARGET = 16.2;
				MACOSX_DEPLOYMENT_TARGET = 13.1;
				MARKETING_VERSION = 1.0;
				PRODUCT_BUNDLE_IDENTIFIER = "SW.Task-Manager-AppTests";
				PRODUCT_NAME = "$(TARGET_NAME)";
				SDKROOT = auto;
				SUPPORTED_PLATFORMS = "iphoneos iphonesimulator macosx";
				SWIFT_EMIT_LOC_STRINGS = NO;
				SWIFT_VERSION = 5.0;
				TARGETED_DEVICE_FAMILY = "1,2";
				TEST_HOST = "$(BUILT_PRODUCTS_DIR)/Task Manager App.app/$(BUNDLE_EXECUTABLE_FOLDER_PATH)/Task Manager App";
			};
			name = Debug;
		};
		1546BFCA2A6E76BE00692AE0 /* Release */ = {
			isa = XCBuildConfiguration;
			buildSettings = {
				ALWAYS_EMBED_SWIFT_STANDARD_LIBRARIES = YES;
				BUNDLE_LOADER = "$(TEST_HOST)";
				CODE_SIGN_STYLE = Automatic;
				CURRENT_PROJECT_VERSION = 1;
				DEVELOPMENT_TEAM = 25JMG53SY2;
				GENERATE_INFOPLIST_FILE = YES;
				IPHONEOS_DEPLOYMENT_TARGET = 16.2;
				MACOSX_DEPLOYMENT_TARGET = 13.1;
				MARKETING_VERSION = 1.0;
				PRODUCT_BUNDLE_IDENTIFIER = "SW.Task-Manager-AppTests";
				PRODUCT_NAME = "$(TARGET_NAME)";
				SDKROOT = auto;
				SUPPORTED_PLATFORMS = "iphoneos iphonesimulator macosx";
				SWIFT_EMIT_LOC_STRINGS = NO;
				SWIFT_VERSION = 5.0;
				TARGETED_DEVICE_FAMILY = "1,2";
				TEST_HOST = "$(BUILT_PRODUCTS_DIR)/Task Manager App.app/$(BUNDLE_EXECUTABLE_FOLDER_PATH)/Task Manager App";
			};
			name = Release;
		};
		1546BFCC2A6E76BE00692AE0 /* Debug */ = {
			isa = XCBuildConfiguration;
			buildSettings = {
				ALWAYS_EMBED_SWIFT_STANDARD_LIBRARIES = YES;
				CODE_SIGN_STYLE = Automatic;
				CURRENT_PROJECT_VERSION = 1;
				DEVELOPMENT_TEAM = 25JMG53SY2;
				GENERATE_INFOPLIST_FILE = YES;
				IPHONEOS_DEPLOYMENT_TARGET = 16.2;
				MACOSX_DEPLOYMENT_TARGET = 13.1;
				MARKETING_VERSION = 1.0;
				PRODUCT_BUNDLE_IDENTIFIER = "SW.Task-Manager-AppUITests";
				PRODUCT_NAME = "$(TARGET_NAME)";
				SDKROOT = auto;
				SUPPORTED_PLATFORMS = "iphoneos iphonesimulator macosx";
				SWIFT_EMIT_LOC_STRINGS = NO;
				SWIFT_VERSION = 5.0;
				TARGETED_DEVICE_FAMILY = "1,2";
				TEST_TARGET_NAME = "Task Manager App";
			};
			name = Debug;
		};
		1546BFCD2A6E76BE00692AE0 /* Release */ = {
			isa = XCBuildConfiguration;
			buildSettings = {
				ALWAYS_EMBED_SWIFT_STANDARD_LIBRARIES = YES;
				CODE_SIGN_STYLE = Automatic;
				CURRENT_PROJECT_VERSION = 1;
				DEVELOPMENT_TEAM = 25JMG53SY2;
				GENERATE_INFOPLIST_FILE = YES;
				IPHONEOS_DEPLOYMENT_TARGET = 16.2;
				MACOSX_DEPLOYMENT_TARGET = 13.1;
				MARKETING_VERSION = 1.0;
				PRODUCT_BUNDLE_IDENTIFIER = "SW.Task-Manager-AppUITests";
				PRODUCT_NAME = "$(TARGET_NAME)";
				SDKROOT = auto;
				SUPPORTED_PLATFORMS = "iphoneos iphonesimulator macosx";
				SWIFT_EMIT_LOC_STRINGS = NO;
				SWIFT_VERSION = 5.0;
				TARGETED_DEVICE_FAMILY = "1,2";
				TEST_TARGET_NAME = "Task Manager App";
			};
			name = Release;
		};
/* End XCBuildConfiguration section */

/* Begin XCConfigurationList section */
		1546BF962A6E76BD00692AE0 /* Build configuration list for PBXProject "Task Manager App" */ = {
			isa = XCConfigurationList;
			buildConfigurations = (
				1546BFC32A6E76BE00692AE0 /* Debug */,
				1546BFC42A6E76BE00692AE0 /* Release */,
			);
			defaultConfigurationIsVisible = 0;
			defaultConfigurationName = Release;
		};
		1546BFC52A6E76BE00692AE0 /* Build configuration list for PBXNativeTarget "Task Manager App" */ = {
			isa = XCConfigurationList;
			buildConfigurations = (
				1546BFC62A6E76BE00692AE0 /* Debug */,
				1546BFC72A6E76BE00692AE0 /* Release */,
			);
			defaultConfigurationIsVisible = 0;
			defaultConfigurationName = Release;
		};
		1546BFC82A6E76BE00692AE0 /* Build configuration list for PBXNativeTarget "Task Manager AppTests" */ = {
			isa = XCConfigurationList;
			buildConfigurations = (
				1546BFC92A6E76BE00692AE0 /* Debug */,
				1546BFCA2A6E76BE00692AE0 /* Release */,
			);
			defaultConfigurationIsVisible = 0;
			defaultConfigurationName = Release;
		};
		1546BFCB2A6E76BE00692AE0 /* Build configuration list for PBXNativeTarget "Task Manager AppUITests" */ = {
			isa = XCConfigurationList;
			buildConfigurations = (
				1546BFCC2A6E76BE00692AE0 /* Debug */,
				1546BFCD2A6E76BE00692AE0 /* Release */,
			);
			defaultConfigurationIsVisible = 0;
			defaultConfigurationName = Release;
		};
/* End XCConfigurationList section */

/* Begin XCVersionGroup section */
		1546BFA22A6E76BD00692AE0 /* Task_Manager_App.xcdatamodeld */ = {
			isa = XCVersionGroup;
			children = (
				1546BFA32A6E76BD00692AE0 /* Task_Manager_App.xcdatamodel */,
			);
			currentVersion = 1546BFA32A6E76BD00692AE0 /* Task_Manager_App.xcdatamodel */;
			path = Task_Manager_App.xcdatamodeld;
			sourceTree = "<group>";
			versionGroupType = wrapper.xcdatamodel;
		};
/* End XCVersionGroup section */
	};
	rootObject = 1546BF932A6E76BD00692AE0 /* Project object */;
}
